
Microsoft Visual Studio Solution File, Format Version 12.00
# Visual Studio 15
VisualStudioVersion = 15.0.27130.2024
MinimumVisualStudioVersion = 10.0.40219.1
Project("{FAE04EC0-301F-11D3-BF4B-00C04F79EFBC}") = "Proyecto", "Proyecto\Proyecto.csproj", "{632BD693-D40B-45E0-A68D-F95AC8C52715}"
EndProject
Global
	GlobalSection(SolutionConfigurationPlatforms) = preSolution
		Debug|Any CPU = Debug|Any CPU
		Release|Any CPU = Release|Any CPU
	EndGlobalSection
	GlobalSection(ProjectConfigurationPlatforms) = postSolution
		{632BD693-D40B-45E0-A68D-F95AC8C52715}.Debug|Any CPU.ActiveCfg = Debug|Any CPU
		{632BD693-D40B-45E0-A68D-F95AC8C52715}.Debug|Any CPU.Build.0 = Debug|Any CPU
		{632BD693-D40B-45E0-A68D-F95AC8C52715}.Release|Any CPU.ActiveCfg = Release|Any CPU
		{632BD693-D40B-45E0-A68D-F95AC8C52715}.Release|Any CPU.Build.0 = Release|Any CPU
	EndGlobalSection
	GlobalSection(SolutionProperties) = preSolution
		HideSolutionNode = FALSE
	EndGlobalSection
	GlobalSection(ExtensibilityGlobals) = postSolution
		SolutionGuid = {38AED44B-DB44-4476-A4CF-E167806BE5E0}
	EndGlobalSection
EndGlobal
